{
  "name": "@napgram/core",
  "version": "0.0.1",
  "lockfileVersion": 3,
  "requires": true,
  "packages": {
    "": {
      "name": "@napgram/core",
      "version": "0.0.1",
      "dependencies": {
        "@bogeychan/elysia-polyfills": "^0.6.4",
        "@elysiajs/html": "^1.4.0",
        "@kitajs/html": "^4.2.11",
        "@mtcute/core": "^0.27.2",
        "@mtcute/dispatcher": "^0.27.2",
        "@mtcute/node": "^0.27.2",
        "@prisma/adapter-pg": "7.1.0",
        "@prisma/client": "7.1.0",
        "date-fns": "^4.1.0",
        "elysia": "^1.4.18",
        "file-type": "^21.1.1",
        "mime-types": "^3.0.2",
        "node-napcat-ts": "^0.4.20",
        "pg": "^8.16.3",
        "posthog-node": "^4.18.0",
        "prisma": "7.1.0",
        "sharp": "0.34.5",
        "silk-sdk": "^0.2.2",
        "zod": "^3.25.76"
      },
      "devDependencies": {
        "@kitajs/ts-html-plugin": "^4.1.3",
        "@types/ejs": "^3.1.5",
        "@types/markdown-escape": "^1.1.3",
        "@types/mime-types": "^3.0.1",
        "@types/node": "^24.10.1",
        "@types/pg": "^8.15.6",
        "@types/probe-image-size": "^7.2.5",
        "@types/tmp": "^0.2.6",
        "esbuild": "^0.27.1",
        "tsx": "^4.21.0",
        "typescript": "^5.9.3",
        "vitest": "^4.0.15"
      },
      "engines": {
        "node": ">=22.0.0"
      }
    },
    "../node_modules/.pnpm/@bogeychan+elysia-polyfills@0.6.4_elysia@1.4.18_@sinclair+typebox@0.34.41_exact-mirror@_422c0971a47289003830d0a4bfa3cf44/node_modules/@bogeychan/elysia-polyfills": {
      "version": "0.6.4",
      "license": "MIT",
      "dependencies": {
        "acorn": "^8.8.2",
        "acorn-walk": "^8.2.0",
        "astring": "^1.8.4",
        "glob": "^10.2.1",
        "ts-morph": "^18.0.0"
      },
      "bin": {
        "elysia-polyfills": "bin/cli.js"
      },
      "devDependencies": {
        "@types/chai": "^4.3.4",
        "@types/node": "18",
        "bun-types": "^1.0.1",
        "elysia": "^0.6.19",
        "typescript": "^5.2.2"
      },
      "peerDependencies": {
        "elysia": ">= 0.6.19"
      }
    },
    "../node_modules/.pnpm/@elysiajs+html@1.4.0_elysia@1.4.18_@sinclair+typebox@0.34.41_exact-mirror@0.2.5_@sincla_d64f870193dad69e46ba17b1c7bea9cd/node_modules/@elysiajs/html": {
      "version": "1.4.0",
      "license": "MIT",
      "dependencies": {
        "@kitajs/html": "^4.1.0",
        "@kitajs/ts-html-plugin": "^4.0.1"
      },
      "devDependencies": {
        "@types/bun": "1.1.14",
        "elysia": "1.4.0",
        "eslint": "9.6.0",
        "tsup": "^8.1.0",
        "typescript": "^5.5.3"
      },
      "peerDependencies": {
        "elysia": ">= 1.4.0"
      },
      "peerDependenciesMeta": {
        "@kitajs/html": {
          "optional": true
        },
        "@kitajs/ts-html-plugin": {
          "optional": true
        }
      }
    },
    "../node_modules/.pnpm/@kitajs+html@4.2.11/node_modules/@kitajs/html": {
      "version": "4.2.11",
      "license": "MIT",
      "dependencies": {
        "csstype": "^3.1.3"
      },
      "devDependencies": {
        "@types/jsdom": "^21.1.7",
        "@types/node": "^24.5.0",
        "c8": "^10.1.3",
        "jsdom": "^27.0.0",
        "react": "^19.1.1",
        "react-dom": "^19.1.1",
        "typescript": "^5.9.2"
      },
      "engines": {
        "node": ">=12"
      },
      "funding": {
        "url": "https://github.com/kitajs/html?sponsor=1"
      }
    },
    "../node_modules/.pnpm/@kitajs+ts-html-plugin@4.1.3_@kitajs+html@4.2.11_typescript@5.9.3/node_modules/@kitajs/ts-html-plugin": {
      "version": "4.1.3",
      "dev": true,
      "license": "MIT",
      "dependencies": {
        "chalk": "^5.6.2",
        "tslib": "^2.8.1",
        "yargs": "^18.0.0"
      },
      "bin": {
        "ts-html-plugin": "dist/cli.js",
        "xss-scan": "dist/cli.js"
      },
      "devDependencies": {
        "@swc-node/register": "^1.11.1",
        "@swc/helpers": "^0.5.17",
        "@types/node": "^24.5.0",
        "@types/yargs": "^17.0.33",
        "fast-defer": "^1.1.9",
        "self": "file:"
      },
      "funding": {
        "url": "https://github.com/kitajs/html?sponsor=1"
      },
      "peerDependencies": {
        "@kitajs/html": "^4.2.10",
        "typescript": "^5.6.2"
      }
    },
    "../node_modules/.pnpm/@mtcute+core@0.27.2/node_modules/@mtcute/core": {
      "version": "0.27.2",
      "license": "MIT",
      "dependencies": {
        "@fuman/io": "0.0.17",
        "@fuman/net": "0.0.17",
        "@fuman/utils": "0.0.17",
        "@mtcute/file-id": "^0.27.0",
        "@mtcute/tl": "^218.0.1",
        "@mtcute/tl-runtime": "^0.24.3",
        "@types/events": "3.0.0",
        "long": "5.2.3"
      }
    },
    "../node_modules/.pnpm/@mtcute+dispatcher@0.27.2/node_modules/@mtcute/dispatcher": {
      "version": "0.27.2",
      "license": "MIT",
      "dependencies": {
        "@fuman/utils": "0.0.17",
        "@mtcute/core": "^0.27.2"
      }
    },
    "../node_modules/.pnpm/@mtcute+node@0.27.2_ws@8.18.3/node_modules/@mtcute/node": {
      "version": "0.27.2",
      "license": "MIT",
      "dependencies": {
        "@fuman/net": "0.0.17",
        "@fuman/node": "0.0.17",
        "@fuman/utils": "0.0.17",
        "@mtcute/core": "^0.27.2",
        "@mtcute/html-parser": "^0.27.2",
        "@mtcute/markdown-parser": "^0.27.2",
        "@mtcute/wasm": "^0.27.0",
        "better-sqlite3": "^12.4.1"
      }
    },
    "../node_modules/.pnpm/@prisma+adapter-pg@7.1.0/node_modules/@prisma/adapter-pg": {
      "version": "7.1.0",
      "license": "Apache-2.0",
      "dependencies": {
        "@prisma/driver-adapter-utils": "7.1.0",
        "pg": "^8.16.3",
        "postgres-array": "3.0.4"
      },
      "devDependencies": {
        "@prisma/debug": "7.1.0",
        "@types/pg": "8.11.11"
      }
    },
    "../node_modules/.pnpm/@prisma+client@7.1.0_prisma@7.1.0_@types+react@19.2.7_better-sqlite3@12.5.0_react-dom@1_3d3a34dc9071c07329ee5f61bd40ed5f/node_modules/@prisma/client": {
      "version": "7.1.0",
      "license": "Apache-2.0",
      "dependencies": {
        "@prisma/client-runtime-utils": "7.1.0"
      },
      "devDependencies": {
        "@cloudflare/workers-types": "^4.20251014.0",
        "@codspeed/benchmark.js-plugin": "4.0.0",
        "@faker-js/faker": "9.6.0",
        "@fast-check/jest": "2.0.3",
        "@hono/node-server": "1.19.0",
        "@inquirer/prompts": "7.3.3",
        "@jest/create-cache-key-function": "29.7.0",
        "@jest/globals": "29.7.0",
        "@jest/test-sequencer": "29.7.0",
        "@libsql/client": "0.8.1",
        "@neondatabase/serverless": "0.10.2",
        "@opentelemetry/api": "1.9.0",
        "@opentelemetry/context-async-hooks": "2.1.0",
        "@opentelemetry/instrumentation": "0.206.0",
        "@opentelemetry/resources": "2.1.0",
        "@opentelemetry/sdk-trace-base": "2.1.0",
        "@opentelemetry/semantic-conventions": "1.37.0",
        "@planetscale/database": "1.19.0",
        "@prisma/adapter-better-sqlite3": "7.1.0",
        "@prisma/adapter-d1": "7.1.0",
        "@prisma/adapter-libsql": "7.1.0",
        "@prisma/adapter-mariadb": "7.1.0",
        "@prisma/adapter-mssql": "7.1.0",
        "@prisma/adapter-neon": "7.1.0",
        "@prisma/adapter-pg": "7.1.0",
        "@prisma/adapter-planetscale": "7.1.0",
        "@prisma/client-common": "7.1.0",
        "@prisma/client-engine-runtime": "7.1.0",
        "@prisma/client-generator-js": "7.1.0",
        "@prisma/client-generator-ts": "7.1.0",
        "@prisma/config": "7.1.0",
        "@prisma/debug": "7.1.0",
        "@prisma/dmmf": "7.1.0",
        "@prisma/driver-adapter-utils": "7.1.0",
        "@prisma/engines": "7.1.0",
        "@prisma/engines-version": "7.1.0-6.ab635e6b9d606fa5c8fb8b1a7f909c3c3c1c98ba",
        "@prisma/fetch-engine": "7.1.0",
        "@prisma/generator": "7.1.0",
        "@prisma/generator-helper": "7.1.0",
        "@prisma/get-platform": "7.1.0",
        "@prisma/instrumentation": "7.1.0",
        "@prisma/instrumentation-contract": "7.1.0",
        "@prisma/internals": "7.1.0",
        "@prisma/json-protocol": "7.1.0",
        "@prisma/migrate": "7.1.0",
        "@prisma/query-compiler-wasm": "7.1.0-6.ab635e6b9d606fa5c8fb8b1a7f909c3c3c1c98ba",
        "@prisma/query-plan-executor": "7.1.0",
        "@prisma/sqlcommenter": "7.1.0",
        "@prisma/sqlcommenter-trace-context": "7.1.0",
        "@prisma/ts-builders": "7.1.0",
        "@snaplet/copycat": "6.0.0",
        "@swc-node/register": "1.10.9",
        "@swc/core": "1.11.5",
        "@swc/jest": "0.2.37",
        "@timsuchanek/copy": "1.4.5",
        "@types/debug": "4.1.12",
        "@types/fs-extra": "11.0.4",
        "@types/jest": "29.5.14",
        "@types/js-levenshtein": "1.1.3",
        "@types/mssql": "9.1.8",
        "@types/node": "~20.19.24",
        "@types/pg": "8.11.11",
        "arg": "5.0.2",
        "benchmark": "2.1.4",
        "cookie-es": "2.0.0",
        "execa": "8.0.1",
        "expect-type": "1.2.2",
        "fs-extra": "11.3.0",
        "get-stream": "6.0.1",
        "globby": "11.1.0",
        "indent-string": "4.0.0",
        "jest": "29.7.0",
        "jest-extended": "4.0.2",
        "jest-junit": "16.0.0",
        "jest-serializer-ansi-escapes": "4.0.0",
        "jest-snapshot": "29.7.0",
        "js-levenshtein": "1.1.6",
        "kleur": "4.1.5",
        "klona": "2.0.6",
        "mariadb": "3.4.5",
        "memfs": "4.17.2",
        "mssql": "11.0.1",
        "new-github-issue-url": "0.2.1",
        "p-retry": "4.6.2",
        "pg": "8.14.1",
        "resolve": "1.22.10",
        "simple-statistics": "7.8.8",
        "sort-keys": "5.1.0",
        "source-map-support": "0.5.21",
        "stacktrace-parser": "0.1.11",
        "strip-ansi": "7.1.0",
        "strip-indent": "4.0.0",
        "tempy": "3.0.0",
        "ts-pattern": "5.6.2",
        "tsd": "0.31.2",
        "typescript": "5.4.5",
        "undici": "7.4.0",
        "zx": "8.4.1"
      },
      "engines": {
        "node": "^20.19 || ^22.12 || >=24.0"
      },
      "peerDependencies": {
        "prisma": "*",
        "typescript": ">=5.4.0"
      },
      "peerDependenciesMeta": {
        "prisma": {
          "optional": true
        },
        "typescript": {
          "optional": true
        }
      }
    },
    "../node_modules/.pnpm/@types+ejs@3.1.5/node_modules/@types/ejs": {
      "version": "3.1.5",
      "dev": true,
      "license": "MIT"
    },
    "../node_modules/.pnpm/@types+markdown-escape@1.1.3/node_modules/@types/markdown-escape": {
      "version": "1.1.3",
      "dev": true,
      "license": "MIT"
    },
    "../node_modules/.pnpm/@types+mime-types@3.0.1/node_modules/@types/mime-types": {
      "version": "3.0.1",
      "dev": true,
      "license": "MIT"
    },
    "../node_modules/.pnpm/@types+node@24.10.1/node_modules/@types/node": {
      "version": "24.10.1",
      "dev": true,
      "license": "MIT",
      "dependencies": {
        "undici-types": "~7.16.0"
      }
    },
    "../node_modules/.pnpm/@types+pg@8.15.6/node_modules/@types/pg": {
      "version": "8.15.6",
      "dev": true,
      "license": "MIT",
      "dependencies": {
        "@types/node": "*",
        "pg-protocol": "*",
        "pg-types": "^2.2.0"
      }
    },
    "../node_modules/.pnpm/@types+probe-image-size@7.2.5/node_modules/@types/probe-image-size": {
      "version": "7.2.5",
      "dev": true,
      "license": "MIT",
      "dependencies": {
        "@types/needle": "*",
        "@types/node": "*"
      }
    },
    "../node_modules/.pnpm/@types+tmp@0.2.6/node_modules/@types/tmp": {
      "version": "0.2.6",
      "dev": true,
      "license": "MIT"
    },
    "../node_modules/.pnpm/date-fns@4.1.0/node_modules/date-fns": {
      "version": "4.1.0",
      "license": "MIT",
      "devDependencies": {
        "@arethetypeswrong/cli": "^0.16.2",
        "@babel/cli": "^7.22.10",
        "@babel/core": "^7.22.10",
        "@babel/preset-env": "^7.22.10",
        "@babel/preset-typescript": "^7.22.5",
        "@date-fns/docs": "^0.38.0",
        "@date-fns/tz": "^1.0.2",
        "@date-fns/utc": "^1.2.0",
        "@octokit/core": "^3.2.5",
        "@size-limit/esbuild": "^11.0.1",
        "@size-limit/file": "^11.0.1",
        "@types/bun": "^1.1.9",
        "@types/lodash": "^4.14.202",
        "@types/node": "^20.14.2",
        "@types/sinon": "^9.0.6",
        "@typescript-eslint/eslint-plugin": "^8.5.0",
        "@typescript-eslint/parser": "^8.5.0",
        "@vitest/browser": "^1.3.1",
        "@vitest/coverage-v8": "^1.3.1",
        "babel-plugin-replace-import-extension": "^1.1.4",
        "bun": "^1.1.27",
        "cloc": "^2.2.0",
        "coveralls": "^3.1.1",
        "eslint": "^9.10.0",
        "firebase": "^3.7.1",
        "fp-ts": "^2.16.2",
        "js-fns": "^2.5.1",
        "jscodeshift": "^0.15.2",
        "lodash": "^4.17.21",
        "playwright": "^1.40.1",
        "prettier": "^3.1.0",
        "simple-git": "^2.35.2",
        "sinon": "^7.4.1",
        "size-limit": "^11.0.1",
        "tsx": "^4.6.1",
        "typedoc": "^0.26.7",
        "typedoc-plugin-missing-exports": "^3.0.0",
        "typescript": "^5.4.5",
        "vitest": "^1.3.1"
      },
      "funding": {
        "type": "github",
        "url": "https://github.com/sponsors/kossnocorp"
      }
    },
    "../node_modules/.pnpm/elysia@1.4.18_@sinclair+typebox@0.34.41_exact-mirror@0.2.5_@sinclair+typebox@0.34.41__f_149775f515de55101d88931214090b68/node_modules/elysia": {
      "version": "1.4.18",
      "license": "MIT",
      "dependencies": {
        "cookie": "^1.1.1",
        "exact-mirror": "0.2.5",
        "fast-decode-uri-component": "^1.0.1",
        "memoirist": "^0.4.0"
      },
      "devDependencies": {
        "@elysiajs/openapi": "^1.4.1",
        "@types/bun": "^1.2.12",
        "@types/cookie": "1.0.0",
        "@types/fast-decode-uri-component": "^1.0.0",
        "@typescript-eslint/eslint-plugin": "^8.30.1",
        "@typescript-eslint/parser": "^8.30.1",
        "arktype": "^2.1.22",
        "esbuild-fix-imports-plugin": "^1.0.22",
        "eslint": "^9.24.0",
        "eslint-plugin-security": "^3.0.1",
        "eslint-plugin-sonarjs": "^3.0.2",
        "expect-type": "^1.2.1",
        "file-type": "^20.4.1",
        "knip": "^5.64.1",
        "prettier": "^3.5.3",
        "tsup": "^8.4.0",
        "typescript": "^5.8.3",
        "valibot": "^1.1.0",
        "zod": "^4.1.5"
      },
      "peerDependencies": {
        "@sinclair/typebox": ">= 0.34.0 < 1",
        "@types/bun": ">= 1.2.0",
        "exact-mirror": ">= 0.0.9",
        "file-type": ">= 20.0.0",
        "openapi-types": ">= 12.0.0",
        "typescript": ">= 5.0.0"
      },
      "peerDependenciesMeta": {
        "@types/bun": {
          "optional": true
        },
        "typescript": {
          "optional": true
        }
      }
    },
    "../node_modules/.pnpm/esbuild@0.27.1/node_modules/esbuild": {
      "version": "0.27.1",
      "dev": true,
      "hasInstallScript": true,
      "license": "MIT",
      "bin": {
        "esbuild": "bin/esbuild"
      },
      "engines": {
        "node": ">=18"
      },
      "optionalDependencies": {
        "@esbuild/aix-ppc64": "0.27.1",
        "@esbuild/android-arm": "0.27.1",
        "@esbuild/android-arm64": "0.27.1",
        "@esbuild/android-x64": "0.27.1",
        "@esbuild/darwin-arm64": "0.27.1",
        "@esbuild/darwin-x64": "0.27.1",
        "@esbuild/freebsd-arm64": "0.27.1",
        "@esbuild/freebsd-x64": "0.27.1",
        "@esbuild/linux-arm": "0.27.1",
        "@esbuild/linux-arm64": "0.27.1",
        "@esbuild/linux-ia32": "0.27.1",
        "@esbuild/linux-loong64": "0.27.1",
        "@esbuild/linux-mips64el": "0.27.1",
        "@esbuild/linux-ppc64": "0.27.1",
        "@esbuild/linux-riscv64": "0.27.1",
        "@esbuild/linux-s390x": "0.27.1",
        "@esbuild/linux-x64": "0.27.1",
        "@esbuild/netbsd-arm64": "0.27.1",
        "@esbuild/netbsd-x64": "0.27.1",
        "@esbuild/openbsd-arm64": "0.27.1",
        "@esbuild/openbsd-x64": "0.27.1",
        "@esbuild/openharmony-arm64": "0.27.1",
        "@esbuild/sunos-x64": "0.27.1",
        "@esbuild/win32-arm64": "0.27.1",
        "@esbuild/win32-ia32": "0.27.1",
        "@esbuild/win32-x64": "0.27.1"
      }
    },
    "../node_modules/.pnpm/eviltransform@0.2.2/node_modules/eviltransform": {
      "version": "0.2.2",
      "extraneous": true,
      "license": "BSD-2-Clause"
    },
    "../node_modules/.pnpm/file-type@21.1.1/node_modules/file-type": {
      "version": "21.1.1",
      "license": "MIT",
      "dependencies": {
        "@tokenizer/inflate": "^0.4.1",
        "strtok3": "^10.3.4",
        "token-types": "^6.1.1",
        "uint8array-extras": "^1.4.0"
      },
      "devDependencies": {
        "@tokenizer/token": "^0.3.0",
        "@types/node": "^22.15.21",
        "ava": "^6.3.0",
        "commonmark": "^0.31.2",
        "get-stream": "^9.0.1",
        "noop-stream": "^1.0.0",
        "tsd": "^0.32.0",
        "xo": "^0.60.0"
      },
      "engines": {
        "node": ">=20"
      },
      "funding": {
        "url": "https://github.com/sindresorhus/file-type?sponsor=1"
      }
    },
    "../node_modules/.pnpm/mime-types@3.0.2/node_modules/mime-types": {
      "version": "3.0.2",
      "license": "MIT",
      "dependencies": {
        "mime-db": "^1.54.0"
      },
      "devDependencies": {
        "eslint": "8.33.0",
        "eslint-config-standard": "14.1.1",
        "eslint-plugin-import": "2.32.0",
        "eslint-plugin-markdown": "3.0.1",
        "eslint-plugin-node": "11.1.0",
        "eslint-plugin-promise": "6.6.0",
        "eslint-plugin-standard": "4.1.0",
        "mocha": "10.8.2",
        "nyc": "15.1.0"
      },
      "engines": {
        "node": ">=18"
      },
      "funding": {
        "type": "opencollective",
        "url": "https://opencollective.com/express"
      }
    },
    "../node_modules/.pnpm/node-napcat-ts@0.4.20/node_modules/node-napcat-ts": {
      "version": "0.4.20",
      "license": "MIT",
      "dependencies": {
        "isomorphic-ws": "^5.0.0",
        "nanoid": "^5.1.5",
        "ws": "^8.18.2"
      },
      "devDependencies": {
        "@types/node": "^22.15.19",
        "@types/ws": "^8.18.1",
        "dotenv": "^16.5.0",
        "nodemon": "^3.1.10",
        "tsx": "^4.19.4",
        "typescript": "^5.8.3"
      }
    },
    "../node_modules/.pnpm/pg@8.16.3/node_modules/pg": {
      "version": "8.16.3",
      "license": "MIT",
      "dependencies": {
        "pg-connection-string": "^2.9.1",
        "pg-pool": "^3.10.1",
        "pg-protocol": "^1.10.3",
        "pg-types": "2.2.0",
        "pgpass": "1.0.5"
      },
      "devDependencies": {
        "@cloudflare/vitest-pool-workers": "0.8.23",
        "@cloudflare/workers-types": "^4.20230404.0",
        "async": "2.6.4",
        "bluebird": "3.7.2",
        "co": "4.6.0",
        "pg-copy-streams": "0.3.0",
        "typescript": "^4.0.3",
        "vitest": "~3.0.9",
        "wrangler": "^3.x"
      },
      "engines": {
        "node": ">= 16.0.0"
      },
      "optionalDependencies": {
        "pg-cloudflare": "^1.2.7"
      },
      "peerDependencies": {
        "pg-native": ">=3.0.1"
      },
      "peerDependenciesMeta": {
        "pg-native": {
          "optional": true
        }
      }
    },
    "../node_modules/.pnpm/posthog-node@4.18.0/node_modules/posthog-node": {
      "version": "4.18.0",
      "license": "MIT",
      "dependencies": {
        "axios": "^1.8.2"
      },
      "devDependencies": {
        "@types/node": "^22.0.0",
        "commander": "^9.3.0",
        "mitata": "^1.0.21"
      },
      "engines": {
        "node": ">=15.0.0"
      }
    },
    "../node_modules/.pnpm/prisma@7.1.0_@types+react@19.2.7_better-sqlite3@12.5.0_react-dom@19.2.1_react@19.2.1__react@19.2.1_typescript@5.9.3/node_modules/prisma": {
      "version": "7.1.0",
      "hasInstallScript": true,
      "license": "Apache-2.0",
      "dependencies": {
        "@prisma/config": "7.1.0",
        "@prisma/dev": "0.15.0",
        "@prisma/engines": "7.1.0",
        "@prisma/studio-core": "0.8.2",
        "mysql2": "3.15.3",
        "postgres": "3.4.7"
      },
      "bin": {
        "prisma": "build/index.js"
      },
      "devDependencies": {
        "@hono/node-server": "1.19.0",
        "@inquirer/prompts": "7.3.3",
        "@libsql/client": "0.8.1",
        "@modelcontextprotocol/sdk": "1.13.2",
        "@opentelemetry/api": "1.9.0",
        "@opentelemetry/context-async-hooks": "2.1.0",
        "@opentelemetry/sdk-trace-base": "2.1.0",
        "@prisma/adapter-libsql": "7.1.0",
        "@prisma/client": "7.1.0",
        "@prisma/client-generator-registry": "7.1.0",
        "@prisma/debug": "7.1.0",
        "@prisma/dmmf": "7.1.0",
        "@prisma/driver-adapter-utils": "7.1.0",
        "@prisma/fetch-engine": "7.1.0",
        "@prisma/generator": "7.1.0",
        "@prisma/get-platform": "7.1.0",
        "@prisma/internals": "7.1.0",
        "@prisma/migrate": "7.1.0",
        "@swc/core": "1.11.5",
        "@swc/jest": "0.2.37",
        "@types/better-sqlite3": "7.6.12",
        "@types/fs-extra": "11.0.4",
        "@types/jest": "29.5.14",
        "@types/node": "~20.19.24",
        "async-listen": "3.1.0",
        "better-sqlite3": "^11.10.0",
        "checkpoint-client": "1.1.33",
        "chokidar": "4.0.3",
        "dotenv": "17.2.3",
        "effect": "3.18.4",
        "env-paths": "2.2.1",
        "execa": "5.1.1",
        "fs-extra": "11.3.0",
        "get-port-please": "3.2.0",
        "get-tsconfig": "4.10.0",
        "hono": "4.10.6",
        "jest": "29.7.0",
        "jest-junit": "16.0.0",
        "kleur": "4.1.5",
        "line-replace": "2.0.1",
        "log-update": "6.1.0",
        "node-fetch": "3.3.2",
        "npm-packlist": "5.1.3",
        "ohash": "2.0.11",
        "open": "8.4.2",
        "openapi-fetch": "0.15.0",
        "openapi-typescript": "7.10.1",
        "ora": "8.2.0",
        "package-up": "5.0.0",
        "pathe": "2.0.3",
        "resolve-pkg": "2.0.0",
        "std-env": "3.10.0",
        "strip-ansi": "7.1.0",
        "ts-pattern": "5.6.2",
        "typescript": "5.4.5",
        "xdg-app-paths": "8.3.0",
        "zod": "3.24.2"
      },
      "engines": {
        "node": "^20.19 || ^22.12 || >=24.0"
      },
      "peerDependencies": {
        "better-sqlite3": ">=9.0.0",
        "typescript": ">=5.4.0"
      },
      "peerDependenciesMeta": {
        "better-sqlite3": {
          "optional": true
        },
        "typescript": {
          "optional": true
        }
      }
    },
    "../node_modules/.pnpm/sharp@0.34.5/node_modules/sharp": {
      "version": "0.34.5",
      "hasInstallScript": true,
      "license": "Apache-2.0",
      "dependencies": {
        "@img/colour": "^1.0.0",
        "detect-libc": "^2.1.2",
        "semver": "^7.7.3"
      },
      "devDependencies": {
        "@biomejs/biome": "^2.3.4",
        "@cpplint/cli": "^0.1.0",
        "@emnapi/runtime": "^1.7.0",
        "@img/sharp-libvips-dev": "1.2.4",
        "@img/sharp-libvips-dev-wasm32": "1.2.4",
        "@img/sharp-libvips-win32-arm64": "1.2.4",
        "@img/sharp-libvips-win32-ia32": "1.2.4",
        "@img/sharp-libvips-win32-x64": "1.2.4",
        "@types/node": "*",
        "emnapi": "^1.7.0",
        "exif-reader": "^2.0.2",
        "extract-zip": "^2.0.1",
        "icc": "^3.0.0",
        "jsdoc-to-markdown": "^9.1.3",
        "node-addon-api": "^8.5.0",
        "node-gyp": "^11.5.0",
        "tar-fs": "^3.1.1",
        "tsd": "^0.33.0"
      },
      "engines": {
        "node": "^18.17.0 || ^20.3.0 || >=21.0.0"
      },
      "funding": {
        "url": "https://opencollective.com/libvips"
      },
      "optionalDependencies": {
        "@img/sharp-darwin-arm64": "0.34.5",
        "@img/sharp-darwin-x64": "0.34.5",
        "@img/sharp-libvips-darwin-arm64": "1.2.4",
        "@img/sharp-libvips-darwin-x64": "1.2.4",
        "@img/sharp-libvips-linux-arm": "1.2.4",
        "@img/sharp-libvips-linux-arm64": "1.2.4",
        "@img/sharp-libvips-linux-ppc64": "1.2.4",
        "@img/sharp-libvips-linux-riscv64": "1.2.4",
        "@img/sharp-libvips-linux-s390x": "1.2.4",
        "@img/sharp-libvips-linux-x64": "1.2.4",
        "@img/sharp-libvips-linuxmusl-arm64": "1.2.4",
        "@img/sharp-libvips-linuxmusl-x64": "1.2.4",
        "@img/sharp-linux-arm": "0.34.5",
        "@img/sharp-linux-arm64": "0.34.5",
        "@img/sharp-linux-ppc64": "0.34.5",
        "@img/sharp-linux-riscv64": "0.34.5",
        "@img/sharp-linux-s390x": "0.34.5",
        "@img/sharp-linux-x64": "0.34.5",
        "@img/sharp-linuxmusl-arm64": "0.34.5",
        "@img/sharp-linuxmusl-x64": "0.34.5",
        "@img/sharp-wasm32": "0.34.5",
        "@img/sharp-win32-arm64": "0.34.5",
        "@img/sharp-win32-ia32": "0.34.5",
        "@img/sharp-win32-x64": "0.34.5"
      }
    },
    "../node_modules/.pnpm/silk-sdk@0.2.2/node_modules/silk-sdk": {
      "version": "0.2.2",
      "hasInstallScript": true,
      "license": "MIT",
      "dependencies": {
        "bindings": "^1.3.1",
        "cac": "^6.3.12"
      },
      "bin": {
        "silk-sdk": "cli.js"
      }
    },
    "../node_modules/.pnpm/tsx@4.21.0/node_modules/tsx": {
      "version": "4.21.0",
      "dev": true,
      "license": "MIT",
      "dependencies": {
        "esbuild": "~0.27.0",
        "get-tsconfig": "^4.7.5"
      },
      "bin": {
        "tsx": "dist/cli.mjs"
      },
      "engines": {
        "node": ">=18.0.0"
      },
      "optionalDependencies": {
        "fsevents": "~2.3.3"
      }
    },
    "../node_modules/.pnpm/typescript@5.9.3/node_modules/typescript": {
      "version": "5.9.3",
      "dev": true,
      "license": "Apache-2.0",
      "bin": {
        "tsc": "bin/tsc",
        "tsserver": "bin/tsserver"
      },
      "devDependencies": {
        "@dprint/formatter": "^0.4.1",
        "@dprint/typescript": "0.93.4",
        "@esfx/canceltoken": "^1.0.0",
        "@eslint/js": "^9.20.0",
        "@octokit/rest": "^21.1.1",
        "@types/chai": "^4.3.20",
        "@types/diff": "^7.0.1",
        "@types/minimist": "^1.2.5",
        "@types/mocha": "^10.0.10",
        "@types/ms": "^0.7.34",
        "@types/node": "latest",
        "@types/source-map-support": "^0.5.10",
        "@types/which": "^3.0.4",
        "@typescript-eslint/rule-tester": "^8.24.1",
        "@typescript-eslint/type-utils": "^8.24.1",
        "@typescript-eslint/utils": "^8.24.1",
        "azure-devops-node-api": "^14.1.0",
        "c8": "^10.1.3",
        "chai": "^4.5.0",
        "chokidar": "^4.0.3",
        "diff": "^7.0.0",
        "dprint": "^0.49.0",
        "esbuild": "^0.25.0",
        "eslint": "^9.20.1",
        "eslint-formatter-autolinkable-stylish": "^1.4.0",
        "eslint-plugin-regexp": "^2.7.0",
        "fast-xml-parser": "^4.5.2",
        "glob": "^10.4.5",
        "globals": "^15.15.0",
        "hereby": "^1.10.0",
        "jsonc-parser": "^3.3.1",
        "knip": "^5.44.4",
        "minimist": "^1.2.8",
        "mocha": "^10.8.2",
        "mocha-fivemat-progress-reporter": "^0.1.0",
        "monocart-coverage-reports": "^2.12.1",
        "ms": "^2.1.3",
        "picocolors": "^1.1.1",
        "playwright": "^1.50.1",
        "source-map-support": "^0.5.21",
        "tslib": "^2.8.1",
        "typescript": "^5.7.3",
        "typescript-eslint": "^8.24.1",
        "which": "^3.0.1"
      },
      "engines": {
        "node": ">=14.17"
      }
    },
    "../node_modules/.pnpm/vitest@4.0.15_@types+node@24.10.1_jiti@2.6.1_jsdom@16.7.0_canvas@2.11.2_encoding@0.1.13___lightningcss@1.30.2_tsx@4.21.0/node_modules/vitest": {
      "version": "4.0.15",
      "dev": true,
      "license": "MIT",
      "dependencies": {
        "@vitest/expect": "4.0.15",
        "@vitest/mocker": "4.0.15",
        "@vitest/pretty-format": "4.0.15",
        "@vitest/runner": "4.0.15",
        "@vitest/snapshot": "4.0.15",
        "@vitest/spy": "4.0.15",
        "@vitest/utils": "4.0.15",
        "es-module-lexer": "^1.7.0",
        "expect-type": "^1.2.2",
        "magic-string": "^0.30.21",
        "obug": "^2.1.1",
        "pathe": "^2.0.3",
        "picomatch": "^4.0.3",
        "std-env": "^3.10.0",
        "tinybench": "^2.9.0",
        "tinyexec": "^1.0.2",
        "tinyglobby": "^0.2.15",
        "tinyrainbow": "^3.0.3",
        "vite": "^6.0.0 || ^7.0.0",
        "why-is-node-running": "^2.3.0"
      },
      "bin": {
        "vitest": "vitest.mjs"
      },
      "devDependencies": {
        "@antfu/install-pkg": "^1.1.0",
        "@edge-runtime/vm": "^5.0.0",
        "@jridgewell/trace-mapping": "0.3.31",
        "@opentelemetry/api": "^1.9.0",
        "@sinonjs/fake-timers": "14.0.0",
        "@types/estree": "^1.0.8",
        "@types/istanbul-lib-coverage": "^2.0.6",
        "@types/istanbul-reports": "^3.0.4",
        "@types/jsdom": "^27.0.0",
        "@types/node": "^24.10.1",
        "@types/picomatch": "^4.0.2",
        "@types/prompts": "^2.4.9",
        "@types/sinonjs__fake-timers": "^8.1.5",
        "acorn-walk": "^8.3.4",
        "birpc": "^2.8.0",
        "cac": "^6.7.14",
        "empathic": "^2.0.0",
        "flatted": "^3.3.3",
        "happy-dom": "^20.0.11",
        "jsdom": "^27.2.0",
        "local-pkg": "^1.1.2",
        "mime": "^4.1.0",
        "prompts": "^2.4.2",
        "strip-literal": "^3.1.0",
        "ws": "^8.18.3"
      },
      "engines": {
        "node": "^20.0.0 || ^22.0.0 || >=24.0.0"
      },
      "funding": {
        "url": "https://opencollective.com/vitest"
      },
      "peerDependencies": {
        "@edge-runtime/vm": "*",
        "@opentelemetry/api": "^1.9.0",
        "@types/node": "^20.0.0 || ^22.0.0 || >=24.0.0",
        "@vitest/browser-playwright": "4.0.15",
        "@vitest/browser-preview": "4.0.15",
        "@vitest/browser-webdriverio": "4.0.15",
        "@vitest/ui": "4.0.15",
        "happy-dom": "*",
        "jsdom": "*"
      },
      "peerDependenciesMeta": {
        "@edge-runtime/vm": {
          "optional": true
        },
        "@opentelemetry/api": {
          "optional": true
        },
        "@types/node": {
          "optional": true
        },
        "@vitest/browser-playwright": {
          "optional": true
        },
        "@vitest/browser-preview": {
          "optional": true
        },
        "@vitest/browser-webdriverio": {
          "optional": true
        },
        "@vitest/ui": {
          "optional": true
        },
        "happy-dom": {
          "optional": true
        },
        "jsdom": {
          "optional": true
        }
      }
    },
    "../node_modules/.pnpm/zod@3.25.76/node_modules/zod": {
      "version": "3.25.76",
      "license": "MIT",
      "funding": {
        "url": "https://github.com/sponsors/colinhacks"
      }
    },
    "node_modules/@bogeychan/elysia-polyfills": {
      "resolved": "../node_modules/.pnpm/@bogeychan+elysia-polyfills@0.6.4_elysia@1.4.18_@sinclair+typebox@0.34.41_exact-mirror@_422c0971a47289003830d0a4bfa3cf44/node_modules/@bogeychan/elysia-polyfills",
      "link": true
    },
    "node_modules/@elysiajs/html": {
      "resolved": "../node_modules/.pnpm/@elysiajs+html@1.4.0_elysia@1.4.18_@sinclair+typebox@0.34.41_exact-mirror@0.2.5_@sincla_d64f870193dad69e46ba17b1c7bea9cd/node_modules/@elysiajs/html",
      "link": true
    },
    "node_modules/@kitajs/html": {
      "resolved": "../node_modules/.pnpm/@kitajs+html@4.2.11/node_modules/@kitajs/html",
      "link": true
    },
    "node_modules/@kitajs/ts-html-plugin": {
      "resolved": "../node_modules/.pnpm/@kitajs+ts-html-plugin@4.1.3_@kitajs+html@4.2.11_typescript@5.9.3/node_modules/@kitajs/ts-html-plugin",
      "link": true
    },
    "node_modules/@mtcute/core": {
      "resolved": "../node_modules/.pnpm/@mtcute+core@0.27.2/node_modules/@mtcute/core",
      "link": true
    },
    "node_modules/@mtcute/dispatcher": {
      "resolved": "../node_modules/.pnpm/@mtcute+dispatcher@0.27.2/node_modules/@mtcute/dispatcher",
      "link": true
    },
    "node_modules/@mtcute/node": {
      "resolved": "../node_modules/.pnpm/@mtcute+node@0.27.2_ws@8.18.3/node_modules/@mtcute/node",
      "link": true
    },
    "node_modules/@prisma/adapter-pg": {
      "resolved": "../node_modules/.pnpm/@prisma+adapter-pg@7.1.0/node_modules/@prisma/adapter-pg",
      "link": true
    },
    "node_modules/@prisma/client": {
      "resolved": "../node_modules/.pnpm/@prisma+client@7.1.0_prisma@7.1.0_@types+react@19.2.7_better-sqlite3@12.5.0_react-dom@1_3d3a34dc9071c07329ee5f61bd40ed5f/node_modules/@prisma/client",
      "link": true
    },
    "node_modules/@types/ejs": {
      "resolved": "../node_modules/.pnpm/@types+ejs@3.1.5/node_modules/@types/ejs",
      "link": true
    },
    "node_modules/@types/markdown-escape": {
      "resolved": "../node_modules/.pnpm/@types+markdown-escape@1.1.3/node_modules/@types/markdown-escape",
      "link": true
    },
    "node_modules/@types/mime-types": {
      "resolved": "../node_modules/.pnpm/@types+mime-types@3.0.1/node_modules/@types/mime-types",
      "link": true
    },
    "node_modules/@types/node": {
      "resolved": "../node_modules/.pnpm/@types+node@24.10.1/node_modules/@types/node",
      "link": true
    },
    "node_modules/@types/pg": {
      "resolved": "../node_modules/.pnpm/@types+pg@8.15.6/node_modules/@types/pg",
      "link": true
    },
    "node_modules/@types/probe-image-size": {
      "resolved": "../node_modules/.pnpm/@types+probe-image-size@7.2.5/node_modules/@types/probe-image-size",
      "link": true
    },
    "node_modules/@types/tmp": {
      "resolved": "../node_modules/.pnpm/@types+tmp@0.2.6/node_modules/@types/tmp",
      "link": true
    },
    "node_modules/date-fns": {
      "resolved": "../node_modules/.pnpm/date-fns@4.1.0/node_modules/date-fns",
      "link": true
    },
    "node_modules/elysia": {
      "resolved": "../node_modules/.pnpm/elysia@1.4.18_@sinclair+typebox@0.34.41_exact-mirror@0.2.5_@sinclair+typebox@0.34.41__f_149775f515de55101d88931214090b68/node_modules/elysia",
      "link": true
    },
    "node_modules/esbuild": {
      "resolved": "../node_modules/.pnpm/esbuild@0.27.1/node_modules/esbuild",
      "link": true
    },
    "node_modules/file-type": {
      "resolved": "../node_modules/.pnpm/file-type@21.1.1/node_modules/file-type",
      "link": true
    },
    "node_modules/mime-types": {
      "resolved": "../node_modules/.pnpm/mime-types@3.0.2/node_modules/mime-types",
      "link": true
    },
    "node_modules/node-napcat-ts": {
      "resolved": "../node_modules/.pnpm/node-napcat-ts@0.4.20/node_modules/node-napcat-ts",
      "link": true
    },
    "node_modules/pg": {
      "resolved": "../node_modules/.pnpm/pg@8.16.3/node_modules/pg",
      "link": true
    },
    "node_modules/posthog-node": {
      "resolved": "../node_modules/.pnpm/posthog-node@4.18.0/node_modules/posthog-node",
      "link": true
    },
    "node_modules/prisma": {
      "resolved": "../node_modules/.pnpm/prisma@7.1.0_@types+react@19.2.7_better-sqlite3@12.5.0_react-dom@19.2.1_react@19.2.1__react@19.2.1_typescript@5.9.3/node_modules/prisma",
      "link": true
    },
    "node_modules/sharp": {
      "resolved": "../node_modules/.pnpm/sharp@0.34.5/node_modules/sharp",
      "link": true
    },
    "node_modules/silk-sdk": {
      "resolved": "../node_modules/.pnpm/silk-sdk@0.2.2/node_modules/silk-sdk",
      "link": true
    },
    "node_modules/tsx": {
      "resolved": "../node_modules/.pnpm/tsx@4.21.0/node_modules/tsx",
      "link": true
    },
    "node_modules/typescript": {
      "resolved": "../node_modules/.pnpm/typescript@5.9.3/node_modules/typescript",
      "link": true
    },
    "node_modules/vitest": {
      "resolved": "../node_modules/.pnpm/vitest@4.0.15_@types+node@24.10.1_jiti@2.6.1_jsdom@16.7.0_canvas@2.11.2_encoding@0.1.13___lightningcss@1.30.2_tsx@4.21.0/node_modules/vitest",
      "link": true
    },
    "node_modules/zod": {
      "resolved": "../node_modules/.pnpm/zod@3.25.76/node_modules/zod",
      "link": true
    }
  }
}
